
Microsoft Visual Studio Solution File, Format Version 12.00
# Visual Studio Version 17
VisualStudioVersion = 17.13.35931.197 d17.13
MinimumVisualStudioVersion = 10.0.40219.1
Project("{FAE04EC0-301F-11D3-BF4B-00C04F79EFBC}") = "Scrapuncle", "Scrapuncle.csproj", "{5C585225-53EB-4198-B071-7EBD6451F87E}"
EndProject
Global
	GlobalSection(SolutionConfigurationPlatforms) = preSolution
		Debug|Any CPU = Debug|Any CPU
		Release|Any CPU = Release|Any CPU
	EndGlobalSection
	GlobalSection(ProjectConfigurationPlatforms) = postSolution
		{5C585225-53EB-4198-B071-7EBD6451F87E}.Debug|Any CPU.ActiveCfg = Debug|Any CPU
		{5C585225-53EB-4198-B071-7EBD6451F87E}.Debug|Any CPU.Build.0 = Debug|Any CPU
		{5C585225-53EB-4198-B071-7EBD6451F87E}.Release|Any CPU.ActiveCfg = Release|Any CPU
		{5C585225-53EB-4198-B071-7EBD6451F87E}.Release|Any CPU.Build.0 = Release|Any CPU
	EndGlobalSection
	GlobalSection(SolutionProperties) = preSolution
		HideSolutionNode = FALSE
	EndGlobalSection
	GlobalSection(ExtensibilityGlobals) = postSolution
		SolutionGuid = {CD76D68B-C642-4074-BA9D-D0A98F63EAA5}
	EndGlobalSection
EndGlobal
